// !$*UTF8*$!
{
	archiveVersion = 1;
	classes = {
	};
	objectVersion = 46;
	objects = {

/* Begin PBXBuildFile section */
		6C41A50B1A9CB35300382AC3 /* AppDelegate.swift in Sources */ = {isa = PBXBuildFile; fileRef = 6C41A50A1A9CB35300382AC3 /* AppDelegate.swift */; };
		6C41A50D1A9CB35300382AC3 /* ViewController.swift in Sources */ = {isa = PBXBuildFile; fileRef = 6C41A50C1A9CB35300382AC3 /* ViewController.swift */; };
		6C41A5101A9CB35300382AC3 /* Main.storyboard in Resources */ = {isa = PBXBuildFile; fileRef = 6C41A50E1A9CB35300382AC3 /* Main.storyboard */; };
		6C41A5121A9CB35300382AC3 /* Images.xcassets in Resources */ = {isa = PBXBuildFile; fileRef = 6C41A5111A9CB35300382AC3 /* Images.xcassets */; };
		6C41A5151A9CB35300382AC3 /* LaunchScreen.xib in Resources */ = {isa = PBXBuildFile; fileRef = 6C41A5131A9CB35300382AC3 /* LaunchScreen.xib */; };
		6C41A5211A9CB35300382AC3 /* VerticalTextTests.swift in Sources */ = {isa = PBXBuildFile; fileRef = 6C41A5201A9CB35300382AC3 /* VerticalTextTests.swift */; };
/* End PBXBuildFile section */

/* Begin PBXContainerItemProxy section */
		6C41A51B1A9CB35300382AC3 /* PBXContainerItemProxy */ = {
			isa = PBXContainerItemProxy;
			containerPortal = 6C41A4FD1A9CB35300382AC3 /* Project object */;
			proxyType = 1;
			remoteGlobalIDString = 6C41A5041A9CB35300382AC3;
			remoteInfo = VerticalText;
		};
/* End PBXContainerItemProxy section */

/* Begin PBXFileReference section */
		6C41A5051A9CB35300382AC3 /* VerticalText.app */ = {isa = PBXFileReference; explicitFileType = wrapper.application; includeInIndex = 0; path = VerticalText.app; sourceTree = BUILT_PRODUCTS_DIR; };
		6C41A5091A9CB35300382AC3 /* Info.plist */ = {isa = PBXFileReference; lastKnownFileType = text.plist.xml; path = Info.plist; sourceTree = "<group>"; };
		6C41A50A1A9CB35300382AC3 /* AppDelegate.swift */ = {isa = PBXFileReference; lastKnownFileType = sourcecode.swift; path = AppDelegate.swift; sourceTree = "<group>"; };
		6C41A50C1A9CB35300382AC3 /* ViewController.swift */ = {isa = PBXFileReference; lastKnownFileType = sourcecode.swift; path = ViewController.swift; sourceTree = "<group>"; };
		6C41A50F1A9CB35300382AC3 /* Base */ = {isa = PBXFileReference; lastKnownFileType = file.storyboard; name = Base; path = Base.lproj/Main.storyboard; sourceTree = "<group>"; };
		6C41A5111A9CB35300382AC3 /* Images.xcassets */ = {isa = PBXFileReference; lastKnownFileType = folder.assetcatalog; path = Images.xcassets; sourceTree = "<group>"; };
		6C41A5141A9CB35300382AC3 /* Base */ = {isa = PBXFileReference; lastKnownFileType = file.xib; name = Base; path = Base.lproj/LaunchScreen.xib; sourceTree = "<group>"; };
		6C41A51A1A9CB35300382AC3 /* VerticalTextTests.xctest */ = {isa = PBXFileReference; explicitFileType = wrapper.cfbundle; includeInIndex = 0; path = VerticalTextTests.xctest; sourceTree = BUILT_PRODUCTS_DIR; };
		6C41A51F1A9CB35300382AC3 /* Info.plist */ = {isa = PBXFileReference; lastKnownFileType = text.plist.xml; path = Info.plist; sourceTree = "<group>"; };
		6C41A5201A9CB35300382AC3 /* VerticalTextTests.swift */ = {isa = PBXFileReference; lastKnownFileType = sourcecode.swift; path = VerticalTextTests.swift; sourceTree = "<group>"; };
/* End PBXFileReference section */

/* Begin PBXFrameworksBuildPhase section */
		6C41A5021A9CB35300382AC3 /* Frameworks */ = {
			isa = PBXFrameworksBuildPhase;
			buildActionMask = 2147483647;
			files = (
			);
			runOnlyForDeploymentPostprocessing = 0;
		};
		6C41A5171A9CB35300382AC3 /* Frameworks */ = {
			isa = PBXFrameworksBuildPhase;
			buildActionMask = 2147483647;
			files = (
			);
			runOnlyForDeploymentPostprocessing = 0;
		};
/* End PBXFrameworksBuildPhase section */

/* Begin PBXGroup section */
		6C41A4FC1A9CB35300382AC3 = {
			isa = PBXGroup;
			children = (
				6C41A5071A9CB35300382AC3 /* VerticalText */,
				6C41A51D1A9CB35300382AC3 /* VerticalTextTests */,
				6C41A5061A9CB35300382AC3 /* Products */,
			);
			sourceTree = "<group>";
		};
		6C41A5061A9CB35300382AC3 /* Products */ = {
			isa = PBXGroup;
			children = (
				6C41A5051A9CB35300382AC3 /* VerticalText.app */,
				6C41A51A1A9CB35300382AC3 /* VerticalTextTests.xctest */,
			);
			name = Products;
			sourceTree = "<group>";
		};
		6C41A5071A9CB35300382AC3 /* VerticalText */ = {
			isa = PBXGroup;
			children = (
				6C41A50A1A9CB35300382AC3 /* AppDelegate.swift */,
				6C41A50C1A9CB35300382AC3 /* ViewController.swift */,
				6C41A50E1A9CB35300382AC3 /* Main.storyboard */,
				6C41A5111A9CB35300382AC3 /* Images.xcassets */,
				6C41A5131A9CB35300382AC3 /* LaunchScreen.xib */,
				6C41A5081A9CB35300382AC3 /* Supporting Files */,
			);
			path = VerticalText;
			sourceTree = "<group>";
		};
		6C41A5081A9CB35300382AC3 /* Supporting Files */ = {
			isa = PBXGroup;
			children = (
				6C41A5091A9CB35300382AC3 /* Info.plist */,
			);
			name = "Supporting Files";
			sourceTree = "<group>";
		};
		6C41A51D1A9CB35300382AC3 /* VerticalTextTests */ = {
			isa = PBXGroup;
			children = (
				6C41A5201A9CB35300382AC3 /* VerticalTextTests.swift */,
				6C41A51E1A9CB35300382AC3 /* Supporting Files */,
			);
			path = VerticalTextTests;
			sourceTree = "<group>";
		};
		6C41A51E1A9CB35300382AC3 /* Supporting Files */ = {
			isa = PBXGroup;
			children = (
				6C41A51F1A9CB35300382AC3 /* Info.plist */,
			);
			name = "Supporting Files";
			sourceTree = "<group>";
		};
/* End PBXGroup section */

/* Begin PBXNativeTarget section */
		6C41A5041A9CB35300382AC3 /* VerticalText */ = {
			isa = PBXNativeTarget;
			buildConfigurationList = 6C41A5241A9CB35300382AC3 /* Build configuration list for PBXNativeTarget "VerticalText" */;
			buildPhases = (
				6C41A5011A9CB35300382AC3 /* Sources */,
				6C41A5021A9CB35300382AC3 /* Frameworks */,
				6C41A5031A9CB35300382AC3 /* Resources */,
			);
			buildRules = (
			);
			dependencies = (
			);
			name = VerticalText;
			productName = VerticalText;
			productReference = 6C41A5051A9CB35300382AC3 /* VerticalText.app */;
			productType = "com.apple.product-type.application";
		};
		6C41A5191A9CB35300382AC3 /* VerticalTextTests */ = {
			isa = PBXNativeTarget;
			buildConfigurationList = 6C41A5271A9CB35300382AC3 /* Build configuration list for PBXNativeTarget "VerticalTextTests" */;
			buildPhases = (
				6C41A5161A9CB35300382AC3 /* Sources */,
				6C41A5171A9CB35300382AC3 /* Frameworks */,
				6C41A5181A9CB35300382AC3 /* Resources */,
			);
			buildRules = (
			);
			dependencies = (
				6C41A51C1A9CB35300382AC3 /* PBXTargetDependency */,
			);
			name = VerticalTextTests;
			productName = VerticalTextTests;
			productReference = 6C41A51A1A9CB35300382AC3 /* VerticalTextTests.xctest */;
			productType = "com.apple.product-type.bundle.unit-test";
		};
/* End PBXNativeTarget section */

/* Begin PBXProject section */
		6C41A4FD1A9CB35300382AC3 /* Project object */ = {
			isa = PBXProject;
			attributes = {
				LastUpgradeCheck = 0630;
				ORGANIZATIONNAME = sangonz;
				TargetAttributes = {
					6C41A5041A9CB35300382AC3 = {
						CreatedOnToolsVersion = 6.3;
					};
					6C41A5191A9CB35300382AC3 = {
						CreatedOnToolsVersion = 6.3;
						TestTargetID = 6C41A5041A9CB35300382AC3;
					};
				};
			};
			buildConfigurationList = 6C41A5001A9CB35300382AC3 /* Build configuration list for PBXProject "VerticalText" */;
			compatibilityVersion = "Xcode 3.2";
			developmentRegion = English;
			hasScannedForEncodings = 0;
			knownRegions = (
				en,
				Base,
			);
			mainGroup = 6C41A4FC1A9CB35300382AC3;
			productRefGroup = 6C41A5061A9CB35300382AC3 /* Products */;
			projectDirPath = "";
			projectRoot = "";
			targets = (
				6C41A5041A9CB35300382AC3 /* VerticalText */,
				6C41A5191A9CB35300382AC3 /* VerticalTextTests */,
			);
		};
/* End PBXProject section */

/* Begin PBXResourcesBuildPhase section */
		6C41A5031A9CB35300382AC3 /* Resources */ = {
			isa = PBXResourcesBuildPhase;
			buildActionMask = 2147483647;
			files = (
				6C41A5101A9CB35300382AC3 /* Main.storyboard in Resources */,
				6C41A5151A9CB35300382AC3 /* LaunchScreen.xib in Resources */,
				6C41A5121A9CB35300382AC3 /* Images.xcassets in Resources */,
			);
			runOnlyForDeploymentPostprocessing = 0;
		};
		6C41A5181A9CB35300382AC3 /* Resources */ = {
			isa = PBXResourcesBuildPhase;
			buildActionMask = 2147483647;
			files = (
			);
			runOnlyForDeploymentPostprocessing = 0;
		};
/* End PBXResourcesBuildPhase section */

/* Begin PBXSourcesBuildPhase section */
		6C41A5011A9CB35300382AC3 /* Sources */ = {
			isa = PBXSourcesBuildPhase;
			buildActionMask = 2147483647;
			files = (
				6C41A50D1A9CB35300382AC3 /* ViewController.swift in Sources */,
				6C41A50B1A9CB35300382AC3 /* AppDelegate.swift in Sources */,
			);
			runOnlyForDeploymentPostprocessing = 0;
		};
		6C41A5161A9CB35300382AC3 /* Sources */ = {
			isa = PBXSourcesBuildPhase;
			buildActionMask = 2147483647;
			files = (
				6C41A5211A9CB35300382AC3 /* VerticalTextTests.swift in Sources */,
			);
			runOnlyForDeploymentPostprocessing = 0;
		};
/* End PBXSourcesBuildPhase section */

/* Begin PBXTargetDependency section */
		6C41A51C1A9CB35300382AC3 /* PBXTargetDependency */ = {
			isa = PBXTargetDependency;
			target = 6C41A5041A9CB35300382AC3 /* VerticalText */;
			targetProxy = 6C41A51B1A9CB35300382AC3 /* PBXContainerItemProxy */;
		};
/* End PBXTargetDependency section */

/* Begin PBXVariantGroup section */
		6C41A50E1A9CB35300382AC3 /* Main.storyboard */ = {
			isa = PBXVariantGroup;
			children = (
				6C41A50F1A9CB35300382AC3 /* Base */,
			);
			name = Main.storyboard;
			sourceTree = "<group>";
		};
		6C41A5131A9CB35300382AC3 /* LaunchScreen.xib */ = {
			isa = PBXVariantGroup;
			children = (
				6C41A5141A9CB35300382AC3 /* Base */,
			);
			name = LaunchScreen.xib;
			sourceTree = "<group>";
		};
/* End PBXVariantGroup section */

/* Begin XCBuildConfiguration section */
		6C41A5221A9CB35300382AC3 /* Debug */ = {
			isa = XCBuildConfiguration;
			buildSettings = {
				ALWAYS_SEARCH_USER_PATHS = NO;
				CLANG_CXX_LANGUAGE_STANDARD = "gnu++0x";
				CLANG_CXX_LIBRARY = "libc++";
				CLANG_ENABLE_MODULES = YES;
				CLANG_ENABLE_OBJC_ARC = YES;
				CLANG_WARN_BOOL_CONVERSION = YES;
				CLANG_WARN_CONSTANT_CONVERSION = YES;
				CLANG_WARN_DIRECT_OBJC_ISA_USAGE = YES_ERROR;
				CLANG_WARN_EMPTY_BODY = YES;
				CLANG_WARN_ENUM_CONVERSION = YES;
				CLANG_WARN_INT_CONVERSION = YES;
				CLANG_WARN_OBJC_ROOT_CLASS = YES_ERROR;
				CLANG_WARN_UNREACHABLE_CODE = YES;
				CLANG_WARN__DUPLICATE_METHOD_MATCH = YES;
				"CODE_SIGN_IDENTITY[sdk=iphoneos*]" = "iPhone Developer";
				COPY_PHASE_STRIP = NO;
				DEBUG_INFORMATION_FORMAT = dwarf;
				ENABLE_STRICT_OBJC_MSGSEND = YES;
				GCC_C_LANGUAGE_STANDARD = gnu99;
				GCC_DYNAMIC_NO_PIC = NO;
				GCC_OPTIMIZATION_LEVEL = 0;
				GCC_PREPROCESSOR_DEFINITIONS = (
					"DEBUG=1",
					"$(inherited)",
				);
				GCC_SYMBOLS_PRIVATE_EXTERN = NO;
				GCC_WARN_64_TO_32_BIT_CONVERSION = YES;
				GCC_WARN_ABOUT_RETURN_TYPE = YES_ERROR;
				GCC_WARN_UNDECLARED_SELECTOR = YES;
				GCC_WARN_UNINITIALIZED_AUTOS = YES_AGGRESSIVE;
				GCC_WARN_UNUSED_FUNCTION = YES;
				GCC_WARN_UNUSED_VARIABLE = YES;
				IPHONEOS_DEPLOYMENT_TARGET = 8.3;
				MTL_ENABLE_DEBUG_INFO = YES;
				ONLY_ACTIVE_ARCH = YES;
				SDKROOT = iphoneos;
				SWIFT_OPTIMIZATION_LEVEL = "-Onone";
				TARGETED_DEVICE_FAMILY = "1,2";
			};
			name = Debug;
		};
		6C41A5231A9CB35300382AC3 /* Release */ = {
			isa = XCBuildConfiguration;
			buildSettings = {
				ALWAYS_SEARCH_USER_PATHS = NO;
				CLANG_CXX_LANGUAGE_STANDARD = "gnu++0x";
				CLANG_CXX_LIBRARY = "libc++";
				CLANG_ENABLE_MODULES = YES;
				CLANG_ENABLE_OBJC_ARC = YES;
				CLANG_WARN_BOOL_CONVERSION = YES;
				CLANG_WARN_CONSTANT_CONVERSION = YES;
				CLANG_WARN_DIRECT_OBJC_ISA_USAGE = YES_ERROR;
				CLANG_WARN_EMPTY_BODY = YES;
				CLANG_WARN_ENUM_CONVERSION = YES;
				CLANG_WARN_INT_CONVERSION = YES;
				CLANG_WARN_OBJC_ROOT_CLASS = YES_ERROR;
				CLANG_WARN_UNREACHABLE_CODE = YES;
				CLANG_WARN__DUPLICATE_METHOD_MATCH = YES;
				"CODE_SIGN_IDENTITY[sdk=iphoneos*]" = "iPhone Developer";
				COPY_PHASE_STRIP = NO;
				DEBUG_INFORMATION_FORMAT = "dwarf-with-dsym";
				ENABLE_NS_ASSERTIONS = NO;
				ENABLE_STRICT_OBJC_MSGSEND = YES;
				GCC_C_LANGUAGE_STANDARD = gnu99;
				GCC_WARN_64_TO_32_BIT_CONVERSION = YES;
				GCC_WARN_ABOUT_RETURN_TYPE = YES_ERROR;
				GCC_WARN_UNDECLARED_SELECTOR = YES;
				GCC_WARN_UNINITIALIZED_AUTOS = YES_AGGRESSIVE;
				GCC_WARN_UNUSED_FUNCTION = YES;
				GCC_WARN_UNUSED_VARIABLE = YES;
				IPHONEOS_DEPLOYMENT_TARGET = 8.3;
				MTL_ENABLE_DEBUG_INFO = NO;
				SDKROOT = iphoneos;
				TARGETED_DEVICE_FAMILY = "1,2";
				VALIDATE_PRODUCT = YES;
			};
			name = Release;
		};
		6C41A5251A9CB35300382AC3 /* Debug */ = {
			isa = XCBuildConfiguration;
			buildSettings = {
				ASSETCATALOG_COMPILER_APPICON_NAME = AppIcon;
				INFOPLIST_FILE = VerticalText/Info.plist;
				LD_RUNPATH_SEARCH_PATHS = "$(inherited) @executable_path/Frameworks";
				PRODUCT_NAME = "$(TARGET_NAME)";
			};
			name = Debug;
		};
		6C41A5261A9CB35300382AC3 /* Release */ = {
			isa = XCBuildConfiguration;
			buildSettings = {
				ASSETCATALOG_COMPILER_APPICON_NAME = AppIcon;
				INFOPLIST_FILE = VerticalText/Info.plist;
				LD_RUNPATH_SEARCH_PATHS = "$(inherited) @executable_path/Frameworks";
				PRODUCT_NAME = "$(TARGET_NAME)";
			};
			name = Release;
		};
		6C41A5281A9CB35300382AC3 /* Debug */ = {
			isa = XCBuildConfiguration;
			buildSettings = {
				BUNDLE_LOADER = "$(TEST_HOST)";
				FRAMEWORK_SEARCH_PATHS = (
					"$(SDKROOT)/Developer/Library/Frameworks",
					"$(inherited)",
				);
				GCC_PREPROCESSOR_DEFINITIONS = (
					"DEBUG=1",
					"$(inherited)",
				);
				INFOPLIST_FILE = VerticalTextTests/Info.plist;
				LD_RUNPATH_SEARCH_PATHS = "$(inherited) @executable_path/Frameworks @loader_path/Frameworks";
				PRODUCT_NAME = "$(TARGET_NAME)";
				TEST_HOST = "$(BUILT_PRODUCTS_DIR)/VerticalText.app/VerticalText";
			};
			name = Debug;
		};
		6C41A5291A9CB35300382AC3 /* Release */ = {
			isa = XCBuildConfiguration;
			buildSettings = {
				BUNDLE_LOADER = "$(TEST_HOST)";
				FRAMEWORK_SEARCH_PATHS = (
					"$(SDKROOT)/Developer/Library/Frameworks",
					"$(inherited)",
				);
				INFOPLIST_FILE = VerticalTextTests/Info.plist;
				LD_RUNPATH_SEARCH_PATHS = "$(inherited) @executable_path/Frameworks @loader_path/Frameworks";
				PRODUCT_NAME = "$(TARGET_NAME)";
				TEST_HOST = "$(BUILT_PRODUCTS_DIR)/VerticalText.app/VerticalText";
			};
			name = Release;
		};
/* End XCBuildConfiguration section */

/* Begin XCConfigurationList section */
		6C41A5001A9CB35300382AC3 /* Build configuration list for PBXProject "VerticalText" */ = {
			isa = XCConfigurationList;
			buildConfigurations = (
				6C41A5221A9CB35300382AC3 /* Debug */,
				6C41A5231A9CB35300382AC3 /* Release */,
			);
			defaultConfigurationIsVisible = 0;
			defaultConfigurationName = Release;
		};
		6C41A5241A9CB35300382AC3 /* Build configuration list for PBXNativeTarget "VerticalText" */ = {
			isa = XCConfigurationList;
			buildConfigurations = (
				6C41A5251A9CB35300382AC3 /* Debug */,
				6C41A5261A9CB35300382AC3 /* Release */,
			);
			defaultConfigurationIsVisible = 0;
		};
		6C41A5271A9CB35300382AC3 /* Build configuration list for PBXNativeTarget "VerticalTextTests" */ = {
			isa = XCConfigurationList;
			buildConfigurations = (
				6C41A5281A9CB35300382AC3 /* Debug */,
				6C41A5291A9CB35300382AC3 /* Release */,
			);
			defaultConfigurationIsVisible = 0;
		};
/* End XCConfigurationList section */
	};
	rootObject = 6C41A4FD1A9CB35300382AC3 /* Project object */;
}
